
Microsoft Visual Studio Solution File, Format Version 12.00
# Visual Studio Version 17
VisualStudioVersion = 17.9.34723.18
MinimumVisualStudioVersion = 10.0.40219.1
Project("{FAE04EC0-301F-11D3-BF4B-00C04F79EFBC}") = "EJERCICIOSDOWHILE", "EJERCICIOSDOWHILE\EJERCICIOSDOWHILE.csproj", "{FFDA2D19-9027-470B-A199-9C8510D44CDF}"
EndProject
Project("{FAE04EC0-301F-11D3-BF4B-00C04F79EFBC}") = "EJ.2.DO.WHILE", "EJ.1.DO.WHILE\EJ.2.DO.WHILE.csproj", "{7BA351D9-8CE9-4294-9846-3349A7E65A75}"
EndProject
Project("{FAE04EC0-301F-11D3-BF4B-00C04F79EFBC}") = "EJ.3DO.WHILE", "EJ.3DO.WHILE\EJ.3DO.WHILE.csproj", "{77F880DD-6A2E-4649-8F98-4D21BD8ACF87}"
EndProject
Project("{FAE04EC0-301F-11D3-BF4B-00C04F79EFBC}") = "EJ.4.DO.WHILE", "EJ.4.DO.WHILE\EJ.4.DO.WHILE.csproj", "{BB67437C-E3CA-4715-B6A2-0DE292234520}"
EndProject
Project("{FAE04EC0-301F-11D3-BF4B-00C04F79EFBC}") = "EJ.5.DO.WHILE", "EJ.5.DO.WHILE\EJ.5.DO.WHILE.csproj", "{FE011C67-CA5D-4564-B796-DEA867B3C2C3}"
EndProject
Global
	GlobalSection(SolutionConfigurationPlatforms) = preSolution
		Debug|Any CPU = Debug|Any CPU
		Release|Any CPU = Release|Any CPU
	EndGlobalSection
	GlobalSection(ProjectConfigurationPlatforms) = postSolution
		{FFDA2D19-9027-470B-A199-9C8510D44CDF}.Debug|Any CPU.ActiveCfg = Debug|Any CPU
		{FFDA2D19-9027-470B-A199-9C8510D44CDF}.Debug|Any CPU.Build.0 = Debug|Any CPU
		{FFDA2D19-9027-470B-A199-9C8510D44CDF}.Release|Any CPU.ActiveCfg = Release|Any CPU
		{FFDA2D19-9027-470B-A199-9C8510D44CDF}.Release|Any CPU.Build.0 = Release|Any CPU
		{7BA351D9-8CE9-4294-9846-3349A7E65A75}.Debug|Any CPU.ActiveCfg = Debug|Any CPU
		{7BA351D9-8CE9-4294-9846-3349A7E65A75}.Debug|Any CPU.Build.0 = Debug|Any CPU
		{7BA351D9-8CE9-4294-9846-3349A7E65A75}.Release|Any CPU.ActiveCfg = Release|Any CPU
		{7BA351D9-8CE9-4294-9846-3349A7E65A75}.Release|Any CPU.Build.0 = Release|Any CPU
		{77F880DD-6A2E-4649-8F98-4D21BD8ACF87}.Debug|Any CPU.ActiveCfg = Debug|Any CPU
		{77F880DD-6A2E-4649-8F98-4D21BD8ACF87}.Debug|Any CPU.Build.0 = Debug|Any CPU
		{77F880DD-6A2E-4649-8F98-4D21BD8ACF87}.Release|Any CPU.ActiveCfg = Release|Any CPU
		{77F880DD-6A2E-4649-8F98-4D21BD8ACF87}.Release|Any CPU.Build.0 = Release|Any CPU
		{BB67437C-E3CA-4715-B6A2-0DE292234520}.Debug|Any CPU.ActiveCfg = Debug|Any CPU
		{BB67437C-E3CA-4715-B6A2-0DE292234520}.Debug|Any CPU.Build.0 = Debug|Any CPU
		{BB67437C-E3CA-4715-B6A2-0DE292234520}.Release|Any CPU.ActiveCfg = Release|Any CPU
		{BB67437C-E3CA-4715-B6A2-0DE292234520}.Release|Any CPU.Build.0 = Release|Any CPU
		{FE011C67-CA5D-4564-B796-DEA867B3C2C3}.Debug|Any CPU.ActiveCfg = Debug|Any CPU
		{FE011C67-CA5D-4564-B796-DEA867B3C2C3}.Debug|Any CPU.Build.0 = Debug|Any CPU
		{FE011C67-CA5D-4564-B796-DEA867B3C2C3}.Release|Any CPU.ActiveCfg = Release|Any CPU
		{FE011C67-CA5D-4564-B796-DEA867B3C2C3}.Release|Any CPU.Build.0 = Release|Any CPU
	EndGlobalSection
	GlobalSection(SolutionProperties) = preSolution
		HideSolutionNode = FALSE
	EndGlobalSection
	GlobalSection(ExtensibilityGlobals) = postSolution
		SolutionGuid = {CD440FB9-F120-4CD4-9524-A6A30D79E2FD}
	EndGlobalSection
EndGlobal
