
Microsoft Visual Studio Solution File, Format Version 12.00
# Visual Studio Version 17
VisualStudioVersion = 17.9.34723.18
MinimumVisualStudioVersion = 10.0.40219.1
Project("{FAE04EC0-301F-11D3-BF4B-00C04F79EFBC}") = "Ejercicio 1", "Ejercicio 1\Ejercicio 1.csproj", "{733254DF-3332-4A8B-B0F0-AD2D2DC470D7}"
EndProject
Global
	GlobalSection(SolutionConfigurationPlatforms) = preSolution
		Debug|Any CPU = Debug|Any CPU
		Release|Any CPU = Release|Any CPU
	EndGlobalSection
	GlobalSection(ProjectConfigurationPlatforms) = postSolution
		{733254DF-3332-4A8B-B0F0-AD2D2DC470D7}.Debug|Any CPU.ActiveCfg = Debug|Any CPU
		{733254DF-3332-4A8B-B0F0-AD2D2DC470D7}.Debug|Any CPU.Build.0 = Debug|Any CPU
		{733254DF-3332-4A8B-B0F0-AD2D2DC470D7}.Release|Any CPU.ActiveCfg = Release|Any CPU
		{733254DF-3332-4A8B-B0F0-AD2D2DC470D7}.Release|Any CPU.Build.0 = Release|Any CPU
	EndGlobalSection
	GlobalSection(SolutionProperties) = preSolution
		HideSolutionNode = FALSE
	EndGlobalSection
	GlobalSection(ExtensibilityGlobals) = postSolution
		SolutionGuid = {2DAE27C7-570A-4B1B-B33A-90EDCBCF4CCC}
	EndGlobalSection
EndGlobal
